
Microsoft Visual Studio Solution File, Format Version 12.00
# Visual Studio Version 17
VisualStudioVersion = 17.13.35931.197 d17.13
MinimumVisualStudioVersion = 10.0.40219.1
Project("{54A90642-561A-4BB1-A94E-469ADEE60C69}") = "mxmatrix.client", "mxmatrix.client\mxmatrix.client.esproj", "{A1A2EEA8-7EC7-B866-745E-2A1C0AB0C7FC}"
EndProject
Project("{FAE04EC0-301F-11D3-BF4B-00C04F79EFBC}") = "MxMatrix.Server", "MxMatrix.Server\MxMatrix.Server.csproj", "{6F98ED1D-3542-408D-9C68-7E0DD623712B}"
EndProject
Global
	GlobalSection(SolutionConfigurationPlatforms) = preSolution
		Debug|Any CPU = Debug|Any CPU
		Release|Any CPU = Release|Any CPU
	EndGlobalSection
	GlobalSection(ProjectConfigurationPlatforms) = postSolution
		{A1A2EEA8-7EC7-B866-745E-2A1C0AB0C7FC}.Debug|Any CPU.ActiveCfg = Debug|Any CPU
		{A1A2EEA8-7EC7-B866-745E-2A1C0AB0C7FC}.Debug|Any CPU.Build.0 = Debug|Any CPU
		{A1A2EEA8-7EC7-B866-745E-2A1C0AB0C7FC}.Debug|Any CPU.Deploy.0 = Debug|Any CPU
		{A1A2EEA8-7EC7-B866-745E-2A1C0AB0C7FC}.Release|Any CPU.ActiveCfg = Release|Any CPU
		{A1A2EEA8-7EC7-B866-745E-2A1C0AB0C7FC}.Release|Any CPU.Build.0 = Release|Any CPU
		{A1A2EEA8-7EC7-B866-745E-2A1C0AB0C7FC}.Release|Any CPU.Deploy.0 = Release|Any CPU
		{6F98ED1D-3542-408D-9C68-7E0DD623712B}.Debug|Any CPU.ActiveCfg = Debug|Any CPU
		{6F98ED1D-3542-408D-9C68-7E0DD623712B}.Debug|Any CPU.Build.0 = Debug|Any CPU
		{6F98ED1D-3542-408D-9C68-7E0DD623712B}.Release|Any CPU.ActiveCfg = Release|Any CPU
		{6F98ED1D-3542-408D-9C68-7E0DD623712B}.Release|Any CPU.Build.0 = Release|Any CPU
	EndGlobalSection
	GlobalSection(SolutionProperties) = preSolution
		HideSolutionNode = FALSE
	EndGlobalSection
	GlobalSection(ExtensibilityGlobals) = postSolution
		SolutionGuid = {233C32E4-7012-41C7-B232-F95B2AFE01E6}
	EndGlobalSection
EndGlobal
